// !$*UTF8*$!
{
	archiveVersion = 1;
	classes = {
	};
	objectVersion = 46;
	objects = {

/* Begin PBXBuildFile section */
		3910E9E615A4699000FF54A9 /* NSDictionary+JSON.m in Sources */ = {isa = PBXBuildFile; fileRef = 3910E9E515A4699000FF54A9 /* NSDictionary+JSON.m */; };
		3910E9E915A47B1C00FF54A9 /* Ranking.m in Sources */ = {isa = PBXBuildFile; fileRef = 3910E9E815A47B1C00FF54A9 /* Ranking.m */; };
		3910E9EC15A4B46B00FF54A9 /* LabelFormater.m in Sources */ = {isa = PBXBuildFile; fileRef = 3910E9EB15A4B46B00FF54A9 /* LabelFormater.m */; };
		391EC51715A5FC93000DE287 /* logout.png in Resources */ = {isa = PBXBuildFile; fileRef = 391EC51615A5FC93000DE287 /* logout.png */; };
		391EC52415A73616000DE287 /* Localizable.strings in Resources */ = {isa = PBXBuildFile; fileRef = 391EC52615A73616000DE287 /* Localizable.strings */; };
		391EC52915A765AB000DE287 /* User.h in Resources */ = {isa = PBXBuildFile; fileRef = 3956534E1590AD2200513FE3 /* User.h */; };
		391EC52A15A765AB000DE287 /* User.m in Resources */ = {isa = PBXBuildFile; fileRef = 3956534F1590AD2200513FE3 /* User.m */; };
		391EC52B15A765AB000DE287 /* Game.h in Resources */ = {isa = PBXBuildFile; fileRef = 395653721590E23500513FE3 /* Game.h */; };
		391EC52C15A765AB000DE287 /* Game.m in Resources */ = {isa = PBXBuildFile; fileRef = 395653731590E23500513FE3 /* Game.m */; };
		391EC52D15A765AB000DE287 /* Question.h in Resources */ = {isa = PBXBuildFile; fileRef = 395653751590E30200513FE3 /* Question.h */; };
		391EC52E15A765AB000DE287 /* Question.m in Resources */ = {isa = PBXBuildFile; fileRef = 395653761590E30200513FE3 /* Question.m */; };
		391EC52F15A765AB000DE287 /* Category.h in Resources */ = {isa = PBXBuildFile; fileRef = 39BC9203159E206C00DD669E /* Category.h */; };
		391EC53015A765AB000DE287 /* Category.m in Resources */ = {isa = PBXBuildFile; fileRef = 39BC9204159E206C00DD669E /* Category.m */; };
		391EC53115A765AB000DE287 /* Ranking.h in Resources */ = {isa = PBXBuildFile; fileRef = 3910E9E715A47B1C00FF54A9 /* Ranking.h */; };
		391EC53215A765AB000DE287 /* Ranking.m in Resources */ = {isa = PBXBuildFile; fileRef = 3910E9E815A47B1C00FF54A9 /* Ranking.m */; };
		391EC53D15A76F29000DE287 /* LoginViewController.xib in Resources */ = {isa = PBXBuildFile; fileRef = 391EC53C15A76F29000DE287 /* LoginViewController.xib */; };
		3956531B159098FA00513FE3 /* UIKit.framework in Frameworks */ = {isa = PBXBuildFile; fileRef = 3956531A159098FA00513FE3 /* UIKit.framework */; };
		3956531D159098FA00513FE3 /* Foundation.framework in Frameworks */ = {isa = PBXBuildFile; fileRef = 3956531C159098FA00513FE3 /* Foundation.framework */; };
		3956531F159098FA00513FE3 /* CoreGraphics.framework in Frameworks */ = {isa = PBXBuildFile; fileRef = 3956531E159098FA00513FE3 /* CoreGraphics.framework */; };
		39565325159098FA00513FE3 /* InfoPlist.strings in Resources */ = {isa = PBXBuildFile; fileRef = 39565323159098FA00513FE3 /* InfoPlist.strings */; };
		39565327159098FA00513FE3 /* main.m in Sources */ = {isa = PBXBuildFile; fileRef = 39565326159098FA00513FE3 /* main.m */; };
		3956532B159098FA00513FE3 /* AppDelegate.m in Sources */ = {isa = PBXBuildFile; fileRef = 3956532A159098FA00513FE3 /* AppDelegate.m */; };
		3956532E159098FA00513FE3 /* LoginViewController.m in Sources */ = {isa = PBXBuildFile; fileRef = 3956532D159098FA00513FE3 /* LoginViewController.m */; };
		3956533B1590991200513FE3 /* Default@2x.png in Resources */ = {isa = PBXBuildFile; fileRef = 3956533A1590991200513FE3 /* Default@2x.png */; };
		3956533D1590991600513FE3 /* Default.png in Resources */ = {isa = PBXBuildFile; fileRef = 3956533C1590991600513FE3 /* Default.png */; };
		395653501590AD2200513FE3 /* User.m in Sources */ = {isa = PBXBuildFile; fileRef = 3956534F1590AD2200513FE3 /* User.m */; };
		395653521590ADE300513FE3 /* CoreLocation.framework in Frameworks */ = {isa = PBXBuildFile; fileRef = 395653511590ADE300513FE3 /* CoreLocation.framework */; };
		395653541590ADEA00513FE3 /* MapKit.framework in Frameworks */ = {isa = PBXBuildFile; fileRef = 395653531590ADEA00513FE3 /* MapKit.framework */; };
		3956535D1590B9B000513FE3 /* RankingViewController.m in Sources */ = {isa = PBXBuildFile; fileRef = 3956535B1590B9AF00513FE3 /* RankingViewController.m */; };
		3956535E1590B9B000513FE3 /* RankingViewController.xib in Resources */ = {isa = PBXBuildFile; fileRef = 3956535C1590B9B000513FE3 /* RankingViewController.xib */; };
		395653671590C24A00513FE3 /* CategoryViewController.m in Sources */ = {isa = PBXBuildFile; fileRef = 395653651590C24900513FE3 /* CategoryViewController.m */; };
		395653681590C24A00513FE3 /* CategoryViewController.xib in Resources */ = {isa = PBXBuildFile; fileRef = 395653661590C24900513FE3 /* CategoryViewController.xib */; };
		3956536C1590DB3500513FE3 /* GameViewController.m in Sources */ = {isa = PBXBuildFile; fileRef = 3956536A1590DB3500513FE3 /* GameViewController.m */; };
		3956536D1590DB3500513FE3 /* GameViewController.xib in Resources */ = {isa = PBXBuildFile; fileRef = 3956536B1590DB3500513FE3 /* GameViewController.xib */; };
		395653741590E23500513FE3 /* Game.m in Sources */ = {isa = PBXBuildFile; fileRef = 395653731590E23500513FE3 /* Game.m */; };
		395653771590E30200513FE3 /* Question.m in Sources */ = {isa = PBXBuildFile; fileRef = 395653761590E30200513FE3 /* Question.m */; };
		396FD9D415C80BF7005E03BD /* SenTestingKit.framework in Frameworks */ = {isa = PBXBuildFile; fileRef = 396FD9D315C80BF7005E03BD /* SenTestingKit.framework */; };
		396FD9D515C80BF7005E03BD /* UIKit.framework in Frameworks */ = {isa = PBXBuildFile; fileRef = 3956531A159098FA00513FE3 /* UIKit.framework */; };
		396FD9D615C80BF7005E03BD /* Foundation.framework in Frameworks */ = {isa = PBXBuildFile; fileRef = 3956531C159098FA00513FE3 /* Foundation.framework */; };
		396FD9DC15C80BF8005E03BD /* InfoPlist.strings in Resources */ = {isa = PBXBuildFile; fileRef = 396FD9DA15C80BF8005E03BD /* InfoPlist.strings */; };
		396FD9EB15C8152C005E03BD /* UserTest.m in Sources */ = {isa = PBXBuildFile; fileRef = 396FD9EA15C8152C005E03BD /* UserTest.m */; };
		396FDA0715C85B1F005E03BD /* libOCMock.a in Frameworks */ = {isa = PBXBuildFile; fileRef = 396FD9FF15C85B1F005E03BD /* libOCMock.a */; };
		39BC91C9159C98B900DD669E /* botao_entrar.png in Resources */ = {isa = PBXBuildFile; fileRef = 39BC91C7159C98B800DD669E /* botao_entrar.png */; };
		39BC91CA159C98B900DD669E /* botao_jogar.png in Resources */ = {isa = PBXBuildFile; fileRef = 39BC91C8159C98B800DD669E /* botao_jogar.png */; };
		39BC91CC159C98E800DD669E /* imagem_face_lateral_esquerda.png in Resources */ = {isa = PBXBuildFile; fileRef = 39BC91CB159C98E800DD669E /* imagem_face_lateral_esquerda.png */; };
		39BC91D0159C990D00DD669E /* login_desenvolvido_por.png in Resources */ = {isa = PBXBuildFile; fileRef = 39BC91CD159C990D00DD669E /* login_desenvolvido_por.png */; };
		39BC91D1159C990D00DD669E /* login_informe.png in Resources */ = {isa = PBXBuildFile; fileRef = 39BC91CE159C990D00DD669E /* login_informe.png */; };
		39BC91D2159C990D00DD669E /* logo_inicial.png in Resources */ = {isa = PBXBuildFile; fileRef = 39BC91CF159C990D00DD669E /* logo_inicial.png */; };
		39BC91D5159C991E00DD669E /* background.png in Resources */ = {isa = PBXBuildFile; fileRef = 39BC91D3159C991E00DD669E /* background.png */; };
		39BC91D6159C991E00DD669E /* background@2x.png in Resources */ = {isa = PBXBuildFile; fileRef = 39BC91D4159C991E00DD669E /* background@2x.png */; };
		39BC91DC159CB6A900DD669E /* ic_ranking.png in Resources */ = {isa = PBXBuildFile; fileRef = 39BC91DB159CB6A900DD669E /* ic_ranking.png */; };
		39BC91E0159CC50D00DD669E /* fail.mp3 in Resources */ = {isa = PBXBuildFile; fileRef = 39BC91DE159CC50D00DD669E /* fail.mp3 */; };
		39BC91E1159CC50D00DD669E /* success.mp3 in Resources */ = {isa = PBXBuildFile; fileRef = 39BC91DF159CC50D00DD669E /* success.mp3 */; };
		39BC91E7159CC68700DD669E /* AVFoundation.framework in Frameworks */ = {isa = PBXBuildFile; fileRef = 39BC91E6159CC68700DD669E /* AVFoundation.framework */; };
		39BC91E9159CE6AD00DD669E /* carinha.png in Resources */ = {isa = PBXBuildFile; fileRef = 39BC91E8159CE6AC00DD669E /* carinha.png */; };
		39BC91EB159CEB4F00DD669E /* penguim.png in Resources */ = {isa = PBXBuildFile; fileRef = 39BC91EA159CEB4F00DD669E /* penguim.png */; };
		39BC91ED159CEC4F00DD669E /* sid.png in Resources */ = {isa = PBXBuildFile; fileRef = 39BC91EC159CEC4F00DD669E /* sid.png */; };
		39BC91FD159DC5FF00DD669E /* SoapConnection.m in Sources */ = {isa = PBXBuildFile; fileRef = 39BC91FC159DC5FF00DD669E /* SoapConnection.m */; };
		39BC9205159E206C00DD669E /* Category.m in Sources */ = {isa = PBXBuildFile; fileRef = 39BC9204159E206C00DD669E /* Category.m */; };
		39D99CF315AB45180097DC5A /* button_background.png in Resources */ = {isa = PBXBuildFile; fileRef = 39D99CF215AB45180097DC5A /* button_background.png */; };
		39D99CF715AB47650097DC5A /* LocalizedButton.m in Sources */ = {isa = PBXBuildFile; fileRef = 39D99CF615AB47650097DC5A /* LocalizedButton.m */; };
		39D99CFA15AB494C0097DC5A /* LocalizedTextField.m in Sources */ = {isa = PBXBuildFile; fileRef = 39D99CF915AB494C0097DC5A /* LocalizedTextField.m */; };
		39D99CFD15AB4E5B0097DC5A /* LocalizedLabel.m in Sources */ = {isa = PBXBuildFile; fileRef = 39D99CFC15AB4E5B0097DC5A /* LocalizedLabel.m */; };
		39D99D0815ADAED40097DC5A /* SnowView.m in Sources */ = {isa = PBXBuildFile; fileRef = 39D99D0715ADAED40097DC5A /* SnowView.m */; };
		39D99D0A15ADB4630097DC5A /* QuartzCore.framework in Frameworks */ = {isa = PBXBuildFile; fileRef = 39D99D0915ADB4630097DC5A /* QuartzCore.framework */; };
		39D99D0C15ADC6840097DC5A /* snow.png in Resources */ = {isa = PBXBuildFile; fileRef = 39D99D0B15ADC6840097DC5A /* snow.png */; };
		39D99D1015AE0B690097DC5A /* PreferencesViewController.m in Sources */ = {isa = PBXBuildFile; fileRef = 39D99D0E15AE0B660097DC5A /* PreferencesViewController.m */; };
		39D99D1115AE0B690097DC5A /* PreferencesViewController.xib in Resources */ = {isa = PBXBuildFile; fileRef = 39D99D0F15AE0B680097DC5A /* PreferencesViewController.xib */; };
		39D99D1315AE0D7A0097DC5A /* prefes.png in Resources */ = {isa = PBXBuildFile; fileRef = 39D99D1215AE0D7A0097DC5A /* prefes.png */; };
		39D99D1615AE13BA0097DC5A /* Preference.m in Sources */ = {isa = PBXBuildFile; fileRef = 39D99D1515AE13BA0097DC5A /* Preference.m */; };
		39D99D1A15AEF9BD0097DC5A /* PreferencesSwichtCell.m in Sources */ = {isa = PBXBuildFile; fileRef = 39D99D1915AEF9BD0097DC5A /* PreferencesSwichtCell.m */; };
		39D99D1E15AEFA110097DC5A /* PreferencesSwichtCell.xib in Resources */ = {isa = PBXBuildFile; fileRef = 39D99D1D15AEFA110097DC5A /* PreferencesSwichtCell.xib */; };
		39D99D2115AF04A70097DC5A /* PreferencesStepperCell.m in Sources */ = {isa = PBXBuildFile; fileRef = 39D99D2015AF04A70097DC5A /* PreferencesStepperCell.m */; };
		39D99D2315AF04C30097DC5A /* PreferencesStepperCell.xib in Resources */ = {isa = PBXBuildFile; fileRef = 39D99D2215AF04C30097DC5A /* PreferencesStepperCell.xib */; };
		39D99D2A15AF31380097DC5A /* configuration.png in Resources */ = {isa = PBXBuildFile; fileRef = 39D99D2915AF31380097DC5A /* configuration.png */; };
		39D99D2C15AF327A0097DC5A /* map.png in Resources */ = {isa = PBXBuildFile; fileRef = 39D99D2B15AF327A0097DC5A /* map.png */; };
		39D99D3015AF341F0097DC5A /* LocalizationViewController.m in Sources */ = {isa = PBXBuildFile; fileRef = 39D99D2E15AF341C0097DC5A /* LocalizationViewController.m */; };
		39D99D3115AF341F0097DC5A /* LocalizationViewController.xib in Resources */ = {isa = PBXBuildFile; fileRef = 39D99D2F15AF341D0097DC5A /* LocalizationViewController.xib */; };
		39D99D3515AF41DE0097DC5A /* UserAnnotation.m in Sources */ = {isa = PBXBuildFile; fileRef = 39D99D3415AF41DE0097DC5A /* UserAnnotation.m */; };
		39D99D3B15AF53BF0097DC5A /* snowman.png in Resources */ = {isa = PBXBuildFile; fileRef = 39D99D3A15AF53BF0097DC5A /* snowman.png */; };
/* End PBXBuildFile section */

/* Begin PBXContainerItemProxy section */
		396FD9E515C80C39005E03BD /* PBXContainerItemProxy */ = {
			isa = PBXContainerItemProxy;
			containerPortal = 3956530D159098FA00513FE3 /* Project object */;
			proxyType = 1;
			remoteGlobalIDString = 39565315159098FA00513FE3;
			remoteInfo = Quiz;
		};
/* End PBXContainerItemProxy section */

/* Begin PBXFileReference section */
		3910E9E415A4699000FF54A9 /* NSDictionary+JSON.h */ = {isa = PBXFileReference; fileEncoding = 4; lastKnownFileType = sourcecode.c.h; path = "NSDictionary+JSON.h"; sourceTree = "<group>"; };
		3910E9E515A4699000FF54A9 /* NSDictionary+JSON.m */ = {isa = PBXFileReference; fileEncoding = 4; lastKnownFileType = sourcecode.c.objc; path = "NSDictionary+JSON.m"; sourceTree = "<group>"; };
		3910E9E715A47B1C00FF54A9 /* Ranking.h */ = {isa = PBXFileReference; fileEncoding = 4; lastKnownFileType = sourcecode.c.h; path = Ranking.h; sourceTree = "<group>"; };
		3910E9E815A47B1C00FF54A9 /* Ranking.m */ = {isa = PBXFileReference; fileEncoding = 4; lastKnownFileType = sourcecode.c.objc; lineEnding = 0; path = Ranking.m; sourceTree = "<group>"; xcLanguageSpecificationIdentifier = xcode.lang.objc; };
		3910E9EA15A4B46B00FF54A9 /* LabelFormater.h */ = {isa = PBXFileReference; fileEncoding = 4; lastKnownFileType = sourcecode.c.h; path = LabelFormater.h; sourceTree = "<group>"; };
		3910E9EB15A4B46B00FF54A9 /* LabelFormater.m */ = {isa = PBXFileReference; fileEncoding = 4; lastKnownFileType = sourcecode.c.objc; path = LabelFormater.m; sourceTree = "<group>"; };
		391EC51615A5FC93000DE287 /* logout.png */ = {isa = PBXFileReference; lastKnownFileType = image.png; path = logout.png; sourceTree = "<group>"; };
		391EC52515A73616000DE287 /* en */ = {isa = PBXFileReference; lastKnownFileType = text.plist.strings; name = en; path = en.lproj/Localizable.strings; sourceTree = "<group>"; };
		391EC52715A73622000DE287 /* en */ = {isa = PBXFileReference; lastKnownFileType = text.plist.strings; name = en; path = en.lproj/InfoPlist.strings; sourceTree = "<group>"; };
		391EC53C15A76F29000DE287 /* LoginViewController.xib */ = {isa = PBXFileReference; fileEncoding = 4; lastKnownFileType = file.xib; path = LoginViewController.xib; sourceTree = "<group>"; };
		39565316159098FA00513FE3 /* Quiz.app */ = {isa = PBXFileReference; explicitFileType = wrapper.application; includeInIndex = 0; path = Quiz.app; sourceTree = BUILT_PRODUCTS_DIR; };
		3956531A159098FA00513FE3 /* UIKit.framework */ = {isa = PBXFileReference; lastKnownFileType = wrapper.framework; name = UIKit.framework; path = System/Library/Frameworks/UIKit.framework; sourceTree = SDKROOT; };
		3956531C159098FA00513FE3 /* Foundation.framework */ = {isa = PBXFileReference; lastKnownFileType = wrapper.framework; name = Foundation.framework; path = System/Library/Frameworks/Foundation.framework; sourceTree = SDKROOT; };
		3956531E159098FA00513FE3 /* CoreGraphics.framework */ = {isa = PBXFileReference; lastKnownFileType = wrapper.framework; name = CoreGraphics.framework; path = System/Library/Frameworks/CoreGraphics.framework; sourceTree = SDKROOT; };
		39565322159098FA00513FE3 /* Quiz-Info.plist */ = {isa = PBXFileReference; lastKnownFileType = text.plist.xml; path = "Quiz-Info.plist"; sourceTree = "<group>"; };
		39565326159098FA00513FE3 /* main.m */ = {isa = PBXFileReference; lastKnownFileType = sourcecode.c.objc; path = main.m; sourceTree = "<group>"; };
		39565328159098FA00513FE3 /* Quiz-Prefix.pch */ = {isa = PBXFileReference; lastKnownFileType = sourcecode.c.h; path = "Quiz-Prefix.pch"; sourceTree = "<group>"; };
		39565329159098FA00513FE3 /* AppDelegate.h */ = {isa = PBXFileReference; lastKnownFileType = sourcecode.c.h; path = AppDelegate.h; sourceTree = "<group>"; };
		3956532A159098FA00513FE3 /* AppDelegate.m */ = {isa = PBXFileReference; lastKnownFileType = sourcecode.c.objc; path = AppDelegate.m; sourceTree = "<group>"; };
		3956532C159098FA00513FE3 /* LoginViewController.h */ = {isa = PBXFileReference; lastKnownFileType = sourcecode.c.h; lineEnding = 0; path = LoginViewController.h; sourceTree = "<group>"; xcLanguageSpecificationIdentifier = xcode.lang.objcpp; };
		3956532D159098FA00513FE3 /* LoginViewController.m */ = {isa = PBXFileReference; lastKnownFileType = sourcecode.c.objc; path = LoginViewController.m; sourceTree = "<group>"; };
		3956533A1590991200513FE3 /* Default@2x.png */ = {isa = PBXFileReference; lastKnownFileType = image.png; name = "Default@2x.png"; path = "../Default@2x.png"; sourceTree = "<group>"; };
		3956533C1590991600513FE3 /* Default.png */ = {isa = PBXFileReference; lastKnownFileType = image.png; name = Default.png; path = ../Default.png; sourceTree = "<group>"; };
		3956534E1590AD2200513FE3 /* User.h */ = {isa = PBXFileReference; fileEncoding = 4; lastKnownFileType = sourcecode.c.h; path = User.h; sourceTree = "<group>"; };
		3956534F1590AD2200513FE3 /* User.m */ = {isa = PBXFileReference; fileEncoding = 4; lastKnownFileType = sourcecode.c.objc; lineEnding = 0; path = User.m; sourceTree = "<group>"; xcLanguageSpecificationIdentifier = xcode.lang.objc; };
		395653511590ADE300513FE3 /* CoreLocation.framework */ = {isa = PBXFileReference; lastKnownFileType = wrapper.framework; name = CoreLocation.framework; path = System/Library/Frameworks/CoreLocation.framework; sourceTree = SDKROOT; };
		395653531590ADEA00513FE3 /* MapKit.framework */ = {isa = PBXFileReference; lastKnownFileType = wrapper.framework; name = MapKit.framework; path = System/Library/Frameworks/MapKit.framework; sourceTree = SDKROOT; };
		3956535A1590B9AF00513FE3 /* RankingViewController.h */ = {isa = PBXFileReference; fileEncoding = 4; lastKnownFileType = sourcecode.c.h; path = RankingViewController.h; sourceTree = "<group>"; };
		3956535B1590B9AF00513FE3 /* RankingViewController.m */ = {isa = PBXFileReference; fileEncoding = 4; lastKnownFileType = sourcecode.c.objc; lineEnding = 0; path = RankingViewController.m; sourceTree = "<group>"; xcLanguageSpecificationIdentifier = xcode.lang.objc; };
		3956535C1590B9B000513FE3 /* RankingViewController.xib */ = {isa = PBXFileReference; fileEncoding = 4; lastKnownFileType = file.xib; path = RankingViewController.xib; sourceTree = "<group>"; };
		395653641590C24900513FE3 /* CategoryViewController.h */ = {isa = PBXFileReference; fileEncoding = 4; lastKnownFileType = sourcecode.c.h; path = CategoryViewController.h; sourceTree = "<group>"; };
		395653651590C24900513FE3 /* CategoryViewController.m */ = {isa = PBXFileReference; fileEncoding = 4; lastKnownFileType = sourcecode.c.objc; path = CategoryViewController.m; sourceTree = "<group>"; };
		395653661590C24900513FE3 /* CategoryViewController.xib */ = {isa = PBXFileReference; fileEncoding = 4; lastKnownFileType = file.xib; path = CategoryViewController.xib; sourceTree = "<group>"; };
		395653691590DB3400513FE3 /* GameViewController.h */ = {isa = PBXFileReference; fileEncoding = 4; lastKnownFileType = sourcecode.c.h; path = GameViewController.h; sourceTree = "<group>"; };
		3956536A1590DB3500513FE3 /* GameViewController.m */ = {isa = PBXFileReference; fileEncoding = 4; lastKnownFileType = sourcecode.c.objc; path = GameViewController.m; sourceTree = "<group>"; };
		3956536B1590DB3500513FE3 /* GameViewController.xib */ = {isa = PBXFileReference; fileEncoding = 4; lastKnownFileType = file.xib; path = GameViewController.xib; sourceTree = "<group>"; };
		395653721590E23500513FE3 /* Game.h */ = {isa = PBXFileReference; fileEncoding = 4; lastKnownFileType = sourcecode.c.h; path = Game.h; sourceTree = "<group>"; };
		395653731590E23500513FE3 /* Game.m */ = {isa = PBXFileReference; fileEncoding = 4; lastKnownFileType = sourcecode.c.objc; path = Game.m; sourceTree = "<group>"; };
		395653751590E30200513FE3 /* Question.h */ = {isa = PBXFileReference; fileEncoding = 4; lastKnownFileType = sourcecode.c.h; path = Question.h; sourceTree = "<group>"; };
		395653761590E30200513FE3 /* Question.m */ = {isa = PBXFileReference; fileEncoding = 4; lastKnownFileType = sourcecode.c.objc; path = Question.m; sourceTree = "<group>"; };
		396FD9D215C80BF7005E03BD /* UnitTests.octest */ = {isa = PBXFileReference; explicitFileType = wrapper.cfbundle; includeInIndex = 0; path = UnitTests.octest; sourceTree = BUILT_PRODUCTS_DIR; };
		396FD9D315C80BF7005E03BD /* SenTestingKit.framework */ = {isa = PBXFileReference; lastKnownFileType = wrapper.framework; name = SenTestingKit.framework; path = Library/Frameworks/SenTestingKit.framework; sourceTree = DEVELOPER_DIR; };
		396FD9D915C80BF7005E03BD /* UnitTests-Info.plist */ = {isa = PBXFileReference; lastKnownFileType = text.plist.xml; path = "UnitTests-Info.plist"; sourceTree = "<group>"; };
		396FD9DB15C80BF8005E03BD /* en */ = {isa = PBXFileReference; lastKnownFileType = text.plist.strings; name = en; path = en.lproj/InfoPlist.strings; sourceTree = "<group>"; };
		396FD9E015C80BF8005E03BD /* UnitTests-Prefix.pch */ = {isa = PBXFileReference; lastKnownFileType = sourcecode.c.h; path = "UnitTests-Prefix.pch"; sourceTree = "<group>"; };
		396FD9E915C8152C005E03BD /* UserTest.h */ = {isa = PBXFileReference; fileEncoding = 4; lastKnownFileType = sourcecode.c.h; path = UserTest.h; sourceTree = "<group>"; };
		396FD9EA15C8152C005E03BD /* UserTest.m */ = {isa = PBXFileReference; fileEncoding = 4; lastKnownFileType = sourcecode.c.objc; path = UserTest.m; sourceTree = "<group>"; };
		396FD9FF15C85B1F005E03BD /* libOCMock.a */ = {isa = PBXFileReference; lastKnownFileType = archive.ar; path = libOCMock.a; sourceTree = "<group>"; };
		396FDA0115C85B1F005E03BD /* NSNotificationCenter+OCMAdditions.h */ = {isa = PBXFileReference; fileEncoding = 4; lastKnownFileType = sourcecode.c.h; path = "NSNotificationCenter+OCMAdditions.h"; sourceTree = "<group>"; };
		396FDA0215C85B1F005E03BD /* OCMArg.h */ = {isa = PBXFileReference; fileEncoding = 4; lastKnownFileType = sourcecode.c.h; path = OCMArg.h; sourceTree = "<group>"; };
		396FDA0315C85B1F005E03BD /* OCMConstraint.h */ = {isa = PBXFileReference; fileEncoding = 4; lastKnownFileType = sourcecode.c.h; path = OCMConstraint.h; sourceTree = "<group>"; };
		396FDA0415C85B1F005E03BD /* OCMock.h */ = {isa = PBXFileReference; fileEncoding = 4; lastKnownFileType = sourcecode.c.h; path = OCMock.h; sourceTree = "<group>"; };
		396FDA0515C85B1F005E03BD /* OCMockObject.h */ = {isa = PBXFileReference; fileEncoding = 4; lastKnownFileType = sourcecode.c.h; path = OCMockObject.h; sourceTree = "<group>"; };
		396FDA0615C85B1F005E03BD /* OCMockRecorder.h */ = {isa = PBXFileReference; fileEncoding = 4; lastKnownFileType = sourcecode.c.h; path = OCMockRecorder.h; sourceTree = "<group>"; };
		39BC91C7159C98B800DD669E /* botao_entrar.png */ = {isa = PBXFileReference; lastKnownFileType = image.png; path = botao_entrar.png; sourceTree = "<group>"; };
		39BC91C8159C98B800DD669E /* botao_jogar.png */ = {isa = PBXFileReference; lastKnownFileType = image.png; path = botao_jogar.png; sourceTree = "<group>"; };
		39BC91CB159C98E800DD669E /* imagem_face_lateral_esquerda.png */ = {isa = PBXFileReference; lastKnownFileType = image.png; path = imagem_face_lateral_esquerda.png; sourceTree = "<group>"; };
		39BC91CD159C990D00DD669E /* login_desenvolvido_por.png */ = {isa = PBXFileReference; lastKnownFileType = image.png; path = login_desenvolvido_por.png; sourceTree = "<group>"; };
		39BC91CE159C990D00DD669E /* login_informe.png */ = {isa = PBXFileReference; lastKnownFileType = image.png; path = login_informe.png; sourceTree = "<group>"; };
		39BC91CF159C990D00DD669E /* logo_inicial.png */ = {isa = PBXFileReference; lastKnownFileType = image.png; path = logo_inicial.png; sourceTree = "<group>"; };
		39BC91D3159C991E00DD669E /* background.png */ = {isa = PBXFileReference; lastKnownFileType = image.png; path = background.png; sourceTree = "<group>"; };
		39BC91D4159C991E00DD669E /* background@2x.png */ = {isa = PBXFileReference; lastKnownFileType = image.png; path = "background@2x.png"; sourceTree = "<group>"; };
		39BC91DB159CB6A900DD669E /* ic_ranking.png */ = {isa = PBXFileReference; lastKnownFileType = image.png; path = ic_ranking.png; sourceTree = "<group>"; };
		39BC91DE159CC50D00DD669E /* fail.mp3 */ = {isa = PBXFileReference; lastKnownFileType = audio.mp3; path = fail.mp3; sourceTree = "<group>"; };
		39BC91DF159CC50D00DD669E /* success.mp3 */ = {isa = PBXFileReference; lastKnownFileType = audio.mp3; path = success.mp3; sourceTree = "<group>"; };
		39BC91E6159CC68700DD669E /* AVFoundation.framework */ = {isa = PBXFileReference; lastKnownFileType = wrapper.framework; name = AVFoundation.framework; path = System/Library/Frameworks/AVFoundation.framework; sourceTree = SDKROOT; };
		39BC91E8159CE6AC00DD669E /* carinha.png */ = {isa = PBXFileReference; lastKnownFileType = image.png; path = carinha.png; sourceTree = "<group>"; };
		39BC91EA159CEB4F00DD669E /* penguim.png */ = {isa = PBXFileReference; lastKnownFileType = image.png; path = penguim.png; sourceTree = "<group>"; };
		39BC91EC159CEC4F00DD669E /* sid.png */ = {isa = PBXFileReference; lastKnownFileType = image.png; path = sid.png; sourceTree = "<group>"; };
		39BC91FB159DC5FF00DD669E /* SoapConnection.h */ = {isa = PBXFileReference; fileEncoding = 4; lastKnownFileType = sourcecode.c.h; path = SoapConnection.h; sourceTree = "<group>"; };
		39BC91FC159DC5FF00DD669E /* SoapConnection.m */ = {isa = PBXFileReference; fileEncoding = 4; lastKnownFileType = sourcecode.c.objc; path = SoapConnection.m; sourceTree = "<group>"; };
		39BC9202159E1C5100DD669E /* Constants.h */ = {isa = PBXFileReference; fileEncoding = 4; lastKnownFileType = sourcecode.c.h; path = Constants.h; sourceTree = "<group>"; };
		39BC9203159E206C00DD669E /* Category.h */ = {isa = PBXFileReference; fileEncoding = 4; lastKnownFileType = sourcecode.c.h; path = Category.h; sourceTree = "<group>"; };
		39BC9204159E206C00DD669E /* Category.m */ = {isa = PBXFileReference; fileEncoding = 4; lastKnownFileType = sourcecode.c.objc; path = Category.m; sourceTree = "<group>"; };
		39D99CF215AB45180097DC5A /* button_background.png */ = {isa = PBXFileReference; lastKnownFileType = image.png; path = button_background.png; sourceTree = "<group>"; };
		39D99CF515AB47650097DC5A /* LocalizedButton.h */ = {isa = PBXFileReference; fileEncoding = 4; lastKnownFileType = sourcecode.c.h; path = LocalizedButton.h; sourceTree = "<group>"; };
		39D99CF615AB47650097DC5A /* LocalizedButton.m */ = {isa = PBXFileReference; fileEncoding = 4; lastKnownFileType = sourcecode.c.objc; path = LocalizedButton.m; sourceTree = "<group>"; };
		39D99CF815AB494C0097DC5A /* LocalizedTextField.h */ = {isa = PBXFileReference; fileEncoding = 4; lastKnownFileType = sourcecode.c.h; path = LocalizedTextField.h; sourceTree = "<group>"; };
		39D99CF915AB494C0097DC5A /* LocalizedTextField.m */ = {isa = PBXFileReference; fileEncoding = 4; lastKnownFileType = sourcecode.c.objc; path = LocalizedTextField.m; sourceTree = "<group>"; };
		39D99CFB15AB4E5B0097DC5A /* LocalizedLabel.h */ = {isa = PBXFileReference; fileEncoding = 4; lastKnownFileType = sourcecode.c.h; path = LocalizedLabel.h; sourceTree = "<group>"; };
		39D99CFC15AB4E5B0097DC5A /* LocalizedLabel.m */ = {isa = PBXFileReference; fileEncoding = 4; lastKnownFileType = sourcecode.c.objc; path = LocalizedLabel.m; sourceTree = "<group>"; };
		39D99CFF15AB53310097DC5A /* pt-BR */ = {isa = PBXFileReference; lastKnownFileType = text.plist.strings; name = "pt-BR"; path = "pt-BR.lproj/Localizable.strings"; sourceTree = "<group>"; };
		39D99D0015AB59260097DC5A /* pt */ = {isa = PBXFileReference; lastKnownFileType = text.plist.strings; name = pt; path = pt.lproj/Localizable.strings; sourceTree = "<group>"; };
		39D99D0615ADAED40097DC5A /* SnowView.h */ = {isa = PBXFileReference; fileEncoding = 4; lastKnownFileType = sourcecode.c.h; path = SnowView.h; sourceTree = "<group>"; };
		39D99D0715ADAED40097DC5A /* SnowView.m */ = {isa = PBXFileReference; fileEncoding = 4; lastKnownFileType = sourcecode.c.objc; path = SnowView.m; sourceTree = "<group>"; };
		39D99D0915ADB4630097DC5A /* QuartzCore.framework */ = {isa = PBXFileReference; lastKnownFileType = wrapper.framework; name = QuartzCore.framework; path = System/Library/Frameworks/QuartzCore.framework; sourceTree = SDKROOT; };
		39D99D0B15ADC6840097DC5A /* snow.png */ = {isa = PBXFileReference; lastKnownFileType = image.png; path = snow.png; sourceTree = "<group>"; };
		39D99D0D15AE0B660097DC5A /* PreferencesViewController.h */ = {isa = PBXFileReference; fileEncoding = 4; lastKnownFileType = sourcecode.c.h; path = PreferencesViewController.h; sourceTree = "<group>"; };
		39D99D0E15AE0B660097DC5A /* PreferencesViewController.m */ = {isa = PBXFileReference; fileEncoding = 4; lastKnownFileType = sourcecode.c.objc; path = PreferencesViewController.m; sourceTree = "<group>"; };
		39D99D0F15AE0B680097DC5A /* PreferencesViewController.xib */ = {isa = PBXFileReference; fileEncoding = 4; lastKnownFileType = file.xib; path = PreferencesViewController.xib; sourceTree = "<group>"; };
		39D99D1215AE0D7A0097DC5A /* prefes.png */ = {isa = PBXFileReference; lastKnownFileType = image.png; path = prefes.png; sourceTree = "<group>"; };
		39D99D1415AE13BA0097DC5A /* Preference.h */ = {isa = PBXFileReference; fileEncoding = 4; lastKnownFileType = sourcecode.c.h; path = Preference.h; sourceTree = "<group>"; };
		39D99D1515AE13BA0097DC5A /* Preference.m */ = {isa = PBXFileReference; fileEncoding = 4; lastKnownFileType = sourcecode.c.objc; path = Preference.m; sourceTree = "<group>"; };
		39D99D1815AEF9BD0097DC5A /* PreferencesSwichtCell.h */ = {isa = PBXFileReference; fileEncoding = 4; lastKnownFileType = sourcecode.c.h; path = PreferencesSwichtCell.h; sourceTree = "<group>"; };
		39D99D1915AEF9BD0097DC5A /* PreferencesSwichtCell.m */ = {isa = PBXFileReference; fileEncoding = 4; lastKnownFileType = sourcecode.c.objc; path = PreferencesSwichtCell.m; sourceTree = "<group>"; };
		39D99D1D15AEFA110097DC5A /* PreferencesSwichtCell.xib */ = {isa = PBXFileReference; fileEncoding = 4; lastKnownFileType = file.xib; path = PreferencesSwichtCell.xib; sourceTree = "<group>"; };
		39D99D1F15AF04A70097DC5A /* PreferencesStepperCell.h */ = {isa = PBXFileReference; fileEncoding = 4; lastKnownFileType = sourcecode.c.h; path = PreferencesStepperCell.h; sourceTree = "<group>"; };
		39D99D2015AF04A70097DC5A /* PreferencesStepperCell.m */ = {isa = PBXFileReference; fileEncoding = 4; lastKnownFileType = sourcecode.c.objc; path = PreferencesStepperCell.m; sourceTree = "<group>"; };
		39D99D2215AF04C30097DC5A /* PreferencesStepperCell.xib */ = {isa = PBXFileReference; fileEncoding = 4; lastKnownFileType = file.xib; path = PreferencesStepperCell.xib; sourceTree = "<group>"; };
		39D99D2915AF31380097DC5A /* configuration.png */ = {isa = PBXFileReference; lastKnownFileType = image.png; path = configuration.png; sourceTree = "<group>"; };
		39D99D2B15AF327A0097DC5A /* map.png */ = {isa = PBXFileReference; lastKnownFileType = image.png; path = map.png; sourceTree = "<group>"; };
		39D99D2D15AF341B0097DC5A /* LocalizationViewController.h */ = {isa = PBXFileReference; fileEncoding = 4; lastKnownFileType = sourcecode.c.h; path = LocalizationViewController.h; sourceTree = "<group>"; };
		39D99D2E15AF341C0097DC5A /* LocalizationViewController.m */ = {isa = PBXFileReference; fileEncoding = 4; lastKnownFileType = sourcecode.c.objc; path = LocalizationViewController.m; sourceTree = "<group>"; };
		39D99D2F15AF341D0097DC5A /* LocalizationViewController.xib */ = {isa = PBXFileReference; fileEncoding = 4; lastKnownFileType = file.xib; path = LocalizationViewController.xib; sourceTree = "<group>"; };
		39D99D3315AF41DE0097DC5A /* UserAnnotation.h */ = {isa = PBXFileReference; fileEncoding = 4; lastKnownFileType = sourcecode.c.h; path = UserAnnotation.h; sourceTree = "<group>"; };
		39D99D3415AF41DE0097DC5A /* UserAnnotation.m */ = {isa = PBXFileReference; fileEncoding = 4; lastKnownFileType = sourcecode.c.objc; path = UserAnnotation.m; sourceTree = "<group>"; };
		39D99D3A15AF53BF0097DC5A /* snowman.png */ = {isa = PBXFileReference; lastKnownFileType = image.png; path = snowman.png; sourceTree = "<group>"; };
/* End PBXFileReference section */

/* Begin PBXFrameworksBuildPhase section */
		39565313159098FA00513FE3 /* Frameworks */ = {
			isa = PBXFrameworksBuildPhase;
			buildActionMask = 2147483647;
			files = (
				39D99D0A15ADB4630097DC5A /* QuartzCore.framework in Frameworks */,
				39BC91E7159CC68700DD669E /* AVFoundation.framework in Frameworks */,
				395653541590ADEA00513FE3 /* MapKit.framework in Frameworks */,
				395653521590ADE300513FE3 /* CoreLocation.framework in Frameworks */,
				3956531B159098FA00513FE3 /* UIKit.framework in Frameworks */,
				3956531D159098FA00513FE3 /* Foundation.framework in Frameworks */,
				3956531F159098FA00513FE3 /* CoreGraphics.framework in Frameworks */,
			);
			runOnlyForDeploymentPostprocessing = 0;
		};
		396FD9CE15C80BF7005E03BD /* Frameworks */ = {
			isa = PBXFrameworksBuildPhase;
			buildActionMask = 2147483647;
			files = (
				396FD9D415C80BF7005E03BD /* SenTestingKit.framework in Frameworks */,
				396FD9D515C80BF7005E03BD /* UIKit.framework in Frameworks */,
				396FD9D615C80BF7005E03BD /* Foundation.framework in Frameworks */,
				396FDA0715C85B1F005E03BD /* libOCMock.a in Frameworks */,
			);
			runOnlyForDeploymentPostprocessing = 0;
		};
/* End PBXFrameworksBuildPhase section */

/* Begin PBXGroup section */
		3956530B159098FA00513FE3 = {
			isa = PBXGroup;
			children = (
				39565320159098FA00513FE3 /* Quiz */,
				396FD9D715C80BF7005E03BD /* UnitTests */,
				39565319159098FA00513FE3 /* Frameworks */,
				39565317159098FA00513FE3 /* Products */,
				396FD9FD15C85B1F005E03BD /* include */,
			);
			sourceTree = "<group>";
		};
		39565317159098FA00513FE3 /* Products */ = {
			isa = PBXGroup;
			children = (
				39565316159098FA00513FE3 /* Quiz.app */,
				396FD9D215C80BF7005E03BD /* UnitTests.octest */,
			);
			name = Products;
			sourceTree = "<group>";
		};
		39565319159098FA00513FE3 /* Frameworks */ = {
			isa = PBXGroup;
			children = (
				39D99D0915ADB4630097DC5A /* QuartzCore.framework */,
				39BC91E6159CC68700DD669E /* AVFoundation.framework */,
				395653531590ADEA00513FE3 /* MapKit.framework */,
				395653511590ADE300513FE3 /* CoreLocation.framework */,
				3956531A159098FA00513FE3 /* UIKit.framework */,
				3956531C159098FA00513FE3 /* Foundation.framework */,
				3956531E159098FA00513FE3 /* CoreGraphics.framework */,
				396FD9D315C80BF7005E03BD /* SenTestingKit.framework */,
			);
			name = Frameworks;
			sourceTree = "<group>";
		};
		39565320159098FA00513FE3 /* Quiz */ = {
			isa = PBXGroup;
			children = (
				395653591590B96E00513FE3 /* Resources */,
				3956534B1590ACCF00513FE3 /* Classes */,
				39565321159098FA00513FE3 /* Supporting Files */,
			);
			path = Quiz;
			sourceTree = "<group>";
		};
		39565321159098FA00513FE3 /* Supporting Files */ = {
			isa = PBXGroup;
			children = (
				39565322159098FA00513FE3 /* Quiz-Info.plist */,
				39565323159098FA00513FE3 /* InfoPlist.strings */,
				39565326159098FA00513FE3 /* main.m */,
				39565328159098FA00513FE3 /* Quiz-Prefix.pch */,
				391EC52615A73616000DE287 /* Localizable.strings */,
			);
			name = "Supporting Files";
			sourceTree = "<group>";
		};
		3956534015909E0F00513FE3 /* images */ = {
			isa = PBXGroup;
			children = (
				39D99D3A15AF53BF0097DC5A /* snowman.png */,
				39D99D2B15AF327A0097DC5A /* map.png */,
				39D99D2915AF31380097DC5A /* configuration.png */,
				39D99D1215AE0D7A0097DC5A /* prefes.png */,
				39D99D0B15ADC6840097DC5A /* snow.png */,
				39D99CF215AB45180097DC5A /* button_background.png */,
				391EC51615A5FC93000DE287 /* logout.png */,
				39BC91D3159C991E00DD669E /* background.png */,
				39BC91D4159C991E00DD669E /* background@2x.png */,
				39BC91CD159C990D00DD669E /* login_desenvolvido_por.png */,
				39BC91CE159C990D00DD669E /* login_informe.png */,
				39BC91CF159C990D00DD669E /* logo_inicial.png */,
				39BC91CB159C98E800DD669E /* imagem_face_lateral_esquerda.png */,
				39BC91DB159CB6A900DD669E /* ic_ranking.png */,
				39BC91E8159CE6AC00DD669E /* carinha.png */,
				39BC91EA159CEB4F00DD669E /* penguim.png */,
				39BC91C7159C98B800DD669E /* botao_entrar.png */,
				39BC91EC159CEC4F00DD669E /* sid.png */,
				39BC91C8159C98B800DD669E /* botao_jogar.png */,
				3956533C1590991600513FE3 /* Default.png */,
				3956533A1590991200513FE3 /* Default@2x.png */,
			);
			name = images;
			sourceTree = "<group>";
		};
		3956534B1590ACCF00513FE3 /* Classes */ = {
			isa = PBXGroup;
			children = (
				39BC91C31593A5FD00DD669E /* util */,
				3956534D1590AD0200513FE3 /* model */,
				3956534C1590ACD900513FE3 /* view */,
				39565329159098FA00513FE3 /* AppDelegate.h */,
				3956532A159098FA00513FE3 /* AppDelegate.m */,
				39BC9202159E1C5100DD669E /* Constants.h */,
			);
			name = Classes;
			sourceTree = "<group>";
		};
		3956534C1590ACD900513FE3 /* view */ = {
			isa = PBXGroup;
			children = (
				39D99CF415AB46E70097DC5A /* component */,
				391EC53C15A76F29000DE287 /* LoginViewController.xib */,
				3956532C159098FA00513FE3 /* LoginViewController.h */,
				3956532D159098FA00513FE3 /* LoginViewController.m */,
				3956535A1590B9AF00513FE3 /* RankingViewController.h */,
				3956535B1590B9AF00513FE3 /* RankingViewController.m */,
				3956535C1590B9B000513FE3 /* RankingViewController.xib */,
				395653641590C24900513FE3 /* CategoryViewController.h */,
				395653651590C24900513FE3 /* CategoryViewController.m */,
				395653661590C24900513FE3 /* CategoryViewController.xib */,
				395653691590DB3400513FE3 /* GameViewController.h */,
				3956536A1590DB3500513FE3 /* GameViewController.m */,
				3956536B1590DB3500513FE3 /* GameViewController.xib */,
				39D99D0D15AE0B660097DC5A /* PreferencesViewController.h */,
				39D99D0E15AE0B660097DC5A /* PreferencesViewController.m */,
				39D99D0F15AE0B680097DC5A /* PreferencesViewController.xib */,
				39D99D2D15AF341B0097DC5A /* LocalizationViewController.h */,
				39D99D2E15AF341C0097DC5A /* LocalizationViewController.m */,
				39D99D2F15AF341D0097DC5A /* LocalizationViewController.xib */,
			);
			name = view;
			sourceTree = "<group>";
		};
		3956534D1590AD0200513FE3 /* model */ = {
			isa = PBXGroup;
			children = (
				3956534E1590AD2200513FE3 /* User.h */,
				3956534F1590AD2200513FE3 /* User.m */,
				3910E9E715A47B1C00FF54A9 /* Ranking.h */,
				3910E9E815A47B1C00FF54A9 /* Ranking.m */,
				39BC9203159E206C00DD669E /* Category.h */,
				39BC9204159E206C00DD669E /* Category.m */,
				395653721590E23500513FE3 /* Game.h */,
				395653731590E23500513FE3 /* Game.m */,
				395653751590E30200513FE3 /* Question.h */,
				395653761590E30200513FE3 /* Question.m */,
				39D99D1415AE13BA0097DC5A /* Preference.h */,
				39D99D1515AE13BA0097DC5A /* Preference.m */,
			);
			name = model;
			sourceTree = "<group>";
		};
		395653591590B96E00513FE3 /* Resources */ = {
			isa = PBXGroup;
			children = (
				39BC91DD159CC4FE00DD669E /* sounds */,
				3956534015909E0F00513FE3 /* images */,
			);
			name = Resources;
			sourceTree = "<group>";
		};
		396FD9D715C80BF7005E03BD /* UnitTests */ = {
			isa = PBXGroup;
			children = (
				396FD9E715C814FD005E03BD /* Classes */,
				396FD9D815C80BF7005E03BD /* Supporting Files */,
			);
			path = UnitTests;
			sourceTree = "<group>";
		};
		396FD9D815C80BF7005E03BD /* Supporting Files */ = {
			isa = PBXGroup;
			children = (
				396FD9D915C80BF7005E03BD /* UnitTests-Info.plist */,
				396FD9DA15C80BF8005E03BD /* InfoPlist.strings */,
				396FD9E015C80BF8005E03BD /* UnitTests-Prefix.pch */,
			);
			name = "Supporting Files";
			sourceTree = "<group>";
		};
		396FD9E715C814FD005E03BD /* Classes */ = {
			isa = PBXGroup;
			children = (
				396FD9E815C81505005E03BD /* model */,
			);
			name = Classes;
			sourceTree = "<group>";
		};
		396FD9E815C81505005E03BD /* model */ = {
			isa = PBXGroup;
			children = (
				396FD9E915C8152C005E03BD /* UserTest.h */,
				396FD9EA15C8152C005E03BD /* UserTest.m */,
			);
			name = model;
			sourceTree = "<group>";
		};
		396FD9FD15C85B1F005E03BD /* include */ = {
			isa = PBXGroup;
			children = (
				396FD9FE15C85B1F005E03BD /* lib */,
				396FDA0015C85B1F005E03BD /* OCMock */,
			);
			path = include;
			sourceTree = "<group>";
		};
		396FD9FE15C85B1F005E03BD /* lib */ = {
			isa = PBXGroup;
			children = (
				396FD9FF15C85B1F005E03BD /* libOCMock.a */,
			);
			path = lib;
			sourceTree = "<group>";
		};
		396FDA0015C85B1F005E03BD /* OCMock */ = {
			isa = PBXGroup;
			children = (
				396FDA0115C85B1F005E03BD /* NSNotificationCenter+OCMAdditions.h */,
				396FDA0215C85B1F005E03BD /* OCMArg.h */,
				396FDA0315C85B1F005E03BD /* OCMConstraint.h */,
				396FDA0415C85B1F005E03BD /* OCMock.h */,
				396FDA0515C85B1F005E03BD /* OCMockObject.h */,
				396FDA0615C85B1F005E03BD /* OCMockRecorder.h */,
			);
			path = OCMock;
			sourceTree = "<group>";
		};
		39BC91C31593A5FD00DD669E /* util */ = {
			isa = PBXGroup;
			children = (
				39BC91FB159DC5FF00DD669E /* SoapConnection.h */,
				39BC91FC159DC5FF00DD669E /* SoapConnection.m */,
				3910E9E415A4699000FF54A9 /* NSDictionary+JSON.h */,
				3910E9E515A4699000FF54A9 /* NSDictionary+JSON.m */,
				3910E9EA15A4B46B00FF54A9 /* LabelFormater.h */,
				3910E9EB15A4B46B00FF54A9 /* LabelFormater.m */,
			);
			name = util;
			sourceTree = "<group>";
		};
		39BC91DD159CC4FE00DD669E /* sounds */ = {
			isa = PBXGroup;
			children = (
				39BC91DE159CC50D00DD669E /* fail.mp3 */,
				39BC91DF159CC50D00DD669E /* success.mp3 */,
			);
			name = sounds;
			sourceTree = "<group>";
		};
		39D99CF415AB46E70097DC5A /* component */ = {
			isa = PBXGroup;
			children = (
				39D99D3215AF41BA0097DC5A /* Location */,
				39D99D1715AEF8BE0097DC5A /* Preferences */,
				39D99D0515ADAE9D0097DC5A /* Animation */,
				39D99CFE15AB4E8E0097DC5A /* Locallized */,
			);
			name = component;
			sourceTree = "<group>";
		};
		39D99CFE15AB4E8E0097DC5A /* Locallized */ = {
			isa = PBXGroup;
			children = (
				39D99CF515AB47650097DC5A /* LocalizedButton.h */,
				39D99CF615AB47650097DC5A /* LocalizedButton.m */,
				39D99CF815AB494C0097DC5A /* LocalizedTextField.h */,
				39D99CF915AB494C0097DC5A /* LocalizedTextField.m */,
				39D99CFB15AB4E5B0097DC5A /* LocalizedLabel.h */,
				39D99CFC15AB4E5B0097DC5A /* LocalizedLabel.m */,
			);
			name = Locallized;
			sourceTree = "<group>";
		};
		39D99D0515ADAE9D0097DC5A /* Animation */ = {
			isa = PBXGroup;
			children = (
				39D99D0615ADAED40097DC5A /* SnowView.h */,
				39D99D0715ADAED40097DC5A /* SnowView.m */,
			);
			name = Animation;
			sourceTree = "<group>";
		};
		39D99D1715AEF8BE0097DC5A /* Preferences */ = {
			isa = PBXGroup;
			children = (
				39D99D1815AEF9BD0097DC5A /* PreferencesSwichtCell.h */,
				39D99D1915AEF9BD0097DC5A /* PreferencesSwichtCell.m */,
				39D99D1D15AEFA110097DC5A /* PreferencesSwichtCell.xib */,
				39D99D1F15AF04A70097DC5A /* PreferencesStepperCell.h */,
				39D99D2015AF04A70097DC5A /* PreferencesStepperCell.m */,
				39D99D2215AF04C30097DC5A /* PreferencesStepperCell.xib */,
			);
			name = Preferences;
			sourceTree = "<group>";
		};
		39D99D3215AF41BA0097DC5A /* Location */ = {
			isa = PBXGroup;
			children = (
				39D99D3315AF41DE0097DC5A /* UserAnnotation.h */,
				39D99D3415AF41DE0097DC5A /* UserAnnotation.m */,
			);
			name = Location;
			sourceTree = "<group>";
		};
/* End PBXGroup section */

/* Begin PBXNativeTarget section */
		39565315159098FA00513FE3 /* Quiz */ = {
			isa = PBXNativeTarget;
			buildConfigurationList = 39565337159098FA00513FE3 /* Build configuration list for PBXNativeTarget "Quiz" */;
			buildPhases = (
				39565312159098FA00513FE3 /* Sources */,
				39565313159098FA00513FE3 /* Frameworks */,
				39565314159098FA00513FE3 /* Resources */,
			);
			buildRules = (
			);
			dependencies = (
			);
			name = Quiz;
			productName = Quiz;
			productReference = 39565316159098FA00513FE3 /* Quiz.app */;
			productType = "com.apple.product-type.application";
		};
		396FD9D115C80BF7005E03BD /* UnitTests */ = {
			isa = PBXNativeTarget;
			buildConfigurationList = 396FD9E315C80BF8005E03BD /* Build configuration list for PBXNativeTarget "UnitTests" */;
			buildPhases = (
				396FD9CD15C80BF7005E03BD /* Sources */,
				396FD9CE15C80BF7005E03BD /* Frameworks */,
				396FD9CF15C80BF7005E03BD /* Resources */,
				396FD9D015C80BF7005E03BD /* ShellScript */,
			);
			buildRules = (
			);
			dependencies = (
				396FD9E615C80C39005E03BD /* PBXTargetDependency */,
			);
			name = UnitTests;
			productName = UnitTests;
			productReference = 396FD9D215C80BF7005E03BD /* UnitTests.octest */;
			productType = "com.apple.product-type.bundle";
		};
/* End PBXNativeTarget section */

/* Begin PBXProject section */
		3956530D159098FA00513FE3 /* Project object */ = {
			isa = PBXProject;
			attributes = {
				LastUpgradeCheck = 0430;
			};
			buildConfigurationList = 39565310159098FA00513FE3 /* Build configuration list for PBXProject "Quiz" */;
			compatibilityVersion = "Xcode 3.2";
			developmentRegion = English;
			hasScannedForEncodings = 0;
			knownRegions = (
				en,
				pt,
				"pt-BR",
			);
			mainGroup = 3956530B159098FA00513FE3;
			productRefGroup = 39565317159098FA00513FE3 /* Products */;
			projectDirPath = "";
			projectRoot = "";
			targets = (
				39565315159098FA00513FE3 /* Quiz */,
				396FD9D115C80BF7005E03BD /* UnitTests */,
			);
		};
/* End PBXProject section */

/* Begin PBXResourcesBuildPhase section */
		39565314159098FA00513FE3 /* Resources */ = {
			isa = PBXResourcesBuildPhase;
			buildActionMask = 2147483647;
			files = (
				391EC52915A765AB000DE287 /* User.h in Resources */,
				391EC52A15A765AB000DE287 /* User.m in Resources */,
				391EC52B15A765AB000DE287 /* Game.h in Resources */,
				391EC52C15A765AB000DE287 /* Game.m in Resources */,
				391EC52D15A765AB000DE287 /* Question.h in Resources */,
				391EC52E15A765AB000DE287 /* Question.m in Resources */,
				391EC52F15A765AB000DE287 /* Category.h in Resources */,
				391EC53015A765AB000DE287 /* Category.m in Resources */,
				391EC53115A765AB000DE287 /* Ranking.h in Resources */,
				391EC53215A765AB000DE287 /* Ranking.m in Resources */,
				39565325159098FA00513FE3 /* InfoPlist.strings in Resources */,
				3956533B1590991200513FE3 /* Default@2x.png in Resources */,
				3956533D1590991600513FE3 /* Default.png in Resources */,
				3956535E1590B9B000513FE3 /* RankingViewController.xib in Resources */,
				395653681590C24A00513FE3 /* CategoryViewController.xib in Resources */,
				3956536D1590DB3500513FE3 /* GameViewController.xib in Resources */,
				39BC91C9159C98B900DD669E /* botao_entrar.png in Resources */,
				39BC91CA159C98B900DD669E /* botao_jogar.png in Resources */,
				39BC91CC159C98E800DD669E /* imagem_face_lateral_esquerda.png in Resources */,
				39BC91D0159C990D00DD669E /* login_desenvolvido_por.png in Resources */,
				39BC91D1159C990D00DD669E /* login_informe.png in Resources */,
				39BC91D2159C990D00DD669E /* logo_inicial.png in Resources */,
				39BC91D5159C991E00DD669E /* background.png in Resources */,
				39BC91D6159C991E00DD669E /* background@2x.png in Resources */,
				39BC91DC159CB6A900DD669E /* ic_ranking.png in Resources */,
				39BC91E0159CC50D00DD669E /* fail.mp3 in Resources */,
				39BC91E1159CC50D00DD669E /* success.mp3 in Resources */,
				39BC91E9159CE6AD00DD669E /* carinha.png in Resources */,
				39BC91EB159CEB4F00DD669E /* penguim.png in Resources */,
				39BC91ED159CEC4F00DD669E /* sid.png in Resources */,
				391EC51715A5FC93000DE287 /* logout.png in Resources */,
				391EC52415A73616000DE287 /* Localizable.strings in Resources */,
				391EC53D15A76F29000DE287 /* LoginViewController.xib in Resources */,
				39D99CF315AB45180097DC5A /* button_background.png in Resources */,
				39D99D0C15ADC6840097DC5A /* snow.png in Resources */,
				39D99D1115AE0B690097DC5A /* PreferencesViewController.xib in Resources */,
				39D99D1315AE0D7A0097DC5A /* prefes.png in Resources */,
				39D99D1E15AEFA110097DC5A /* PreferencesSwichtCell.xib in Resources */,
				39D99D2315AF04C30097DC5A /* PreferencesStepperCell.xib in Resources */,
				39D99D2A15AF31380097DC5A /* configuration.png in Resources */,
				39D99D2C15AF327A0097DC5A /* map.png in Resources */,
				39D99D3115AF341F0097DC5A /* LocalizationViewController.xib in Resources */,
				39D99D3B15AF53BF0097DC5A /* snowman.png in Resources */,
			);
			runOnlyForDeploymentPostprocessing = 0;
		};
		396FD9CF15C80BF7005E03BD /* Resources */ = {
			isa = PBXResourcesBuildPhase;
			buildActionMask = 2147483647;
			files = (
				396FD9DC15C80BF8005E03BD /* InfoPlist.strings in Resources */,
			);
			runOnlyForDeploymentPostprocessing = 0;
		};
/* End PBXResourcesBuildPhase section */

/* Begin PBXShellScriptBuildPhase section */
		396FD9D015C80BF7005E03BD /* ShellScript */ = {
			isa = PBXShellScriptBuildPhase;
			buildActionMask = 2147483647;
			files = (
			);
			inputPaths = (
			);
			outputPaths = (
			);
			runOnlyForDeploymentPostprocessing = 0;
			shellPath = /bin/sh;
			shellScript = "# Run the unit tests in this test bundle.\n\"${SYSTEM_DEVELOPER_DIR}/Tools/RunUnitTests\"\n";
		};
/* End PBXShellScriptBuildPhase section */

/* Begin PBXSourcesBuildPhase section */
		39565312159098FA00513FE3 /* Sources */ = {
			isa = PBXSourcesBuildPhase;
			buildActionMask = 2147483647;
			files = (
				39565327159098FA00513FE3 /* main.m in Sources */,
				3956532B159098FA00513FE3 /* AppDelegate.m in Sources */,
				3956532E159098FA00513FE3 /* LoginViewController.m in Sources */,
				395653501590AD2200513FE3 /* User.m in Sources */,
				3956535D1590B9B000513FE3 /* RankingViewController.m in Sources */,
				395653671590C24A00513FE3 /* CategoryViewController.m in Sources */,
				3956536C1590DB3500513FE3 /* GameViewController.m in Sources */,
				395653741590E23500513FE3 /* Game.m in Sources */,
				395653771590E30200513FE3 /* Question.m in Sources */,
				39BC91FD159DC5FF00DD669E /* SoapConnection.m in Sources */,
				39BC9205159E206C00DD669E /* Category.m in Sources */,
				3910E9E615A4699000FF54A9 /* NSDictionary+JSON.m in Sources */,
				3910E9E915A47B1C00FF54A9 /* Ranking.m in Sources */,
				3910E9EC15A4B46B00FF54A9 /* LabelFormater.m in Sources */,
				39D99CF715AB47650097DC5A /* LocalizedButton.m in Sources */,
				39D99CFA15AB494C0097DC5A /* LocalizedTextField.m in Sources */,
				39D99CFD15AB4E5B0097DC5A /* LocalizedLabel.m in Sources */,
				39D99D0815ADAED40097DC5A /* SnowView.m in Sources */,
				39D99D1015AE0B690097DC5A /* PreferencesViewController.m in Sources */,
				39D99D1615AE13BA0097DC5A /* Preference.m in Sources */,
				39D99D1A15AEF9BD0097DC5A /* PreferencesSwichtCell.m in Sources */,
				39D99D2115AF04A70097DC5A /* PreferencesStepperCell.m in Sources */,
				39D99D3015AF341F0097DC5A /* LocalizationViewController.m in Sources */,
				39D99D3515AF41DE0097DC5A /* UserAnnotation.m in Sources */,
			);
			runOnlyForDeploymentPostprocessing = 0;
		};
		396FD9CD15C80BF7005E03BD /* Sources */ = {
			isa = PBXSourcesBuildPhase;
			buildActionMask = 2147483647;
			files = (
				396FD9EB15C8152C005E03BD /* UserTest.m in Sources */,
			);
			runOnlyForDeploymentPostprocessing = 0;
		};
/* End PBXSourcesBuildPhase section */

/* Begin PBXTargetDependency section */
		396FD9E615C80C39005E03BD /* PBXTargetDependency */ = {
			isa = PBXTargetDependency;
			target = 39565315159098FA00513FE3 /* Quiz */;
			targetProxy = 396FD9E515C80C39005E03BD /* PBXContainerItemProxy */;
		};
/* End PBXTargetDependency section */

/* Begin PBXVariantGroup section */
		391EC52615A73616000DE287 /* Localizable.strings */ = {
			isa = PBXVariantGroup;
			children = (
				391EC52515A73616000DE287 /* en */,
				39D99CFF15AB53310097DC5A /* pt-BR */,
				39D99D0015AB59260097DC5A /* pt */,
			);
			name = Localizable.strings;
			sourceTree = "<group>";
		};
		39565323159098FA00513FE3 /* InfoPlist.strings */ = {
			isa = PBXVariantGroup;
			children = (
				391EC52715A73622000DE287 /* en */,
			);
			name = InfoPlist.strings;
			sourceTree = "<group>";
		};
		396FD9DA15C80BF8005E03BD /* InfoPlist.strings */ = {
			isa = PBXVariantGroup;
			children = (
				396FD9DB15C80BF8005E03BD /* en */,
			);
			name = InfoPlist.strings;
			sourceTree = "<group>";
		};
/* End PBXVariantGroup section */

/* Begin XCBuildConfiguration section */
		39565335159098FA00513FE3 /* Debug */ = {
			isa = XCBuildConfiguration;
			buildSettings = {
				ALWAYS_SEARCH_USER_PATHS = NO;
				ARCHS = "$(ARCHS_STANDARD_32_BIT)";
				CLANG_ENABLE_OBJC_ARC = YES;
				"CODE_SIGN_IDENTITY[sdk=iphoneos*]" = "iPhone Developer";
				COPY_PHASE_STRIP = NO;
				GCC_C_LANGUAGE_STANDARD = gnu99;
				GCC_DYNAMIC_NO_PIC = NO;
				GCC_OPTIMIZATION_LEVEL = 0;
				GCC_PREPROCESSOR_DEFINITIONS = (
					"DEBUG=1",
					"$(inherited)",
				);
				GCC_SYMBOLS_PRIVATE_EXTERN = NO;
				GCC_VERSION = com.apple.compilers.llvm.clang.1_0;
				GCC_WARN_ABOUT_RETURN_TYPE = YES;
				GCC_WARN_UNINITIALIZED_AUTOS = YES;
				GCC_WARN_UNUSED_VARIABLE = YES;
				IPHONEOS_DEPLOYMENT_TARGET = 4.0;
				SDKROOT = iphoneos;
				TARGETED_DEVICE_FAMILY = "1,2";
			};
			name = Debug;
		};
		39565336159098FA00513FE3 /* Release */ = {
			isa = XCBuildConfiguration;
			buildSettings = {
				ALWAYS_SEARCH_USER_PATHS = NO;
				ARCHS = "$(ARCHS_STANDARD_32_BIT)";
				CLANG_ENABLE_OBJC_ARC = YES;
				"CODE_SIGN_IDENTITY[sdk=iphoneos*]" = "iPhone Developer";
				COPY_PHASE_STRIP = YES;
				GCC_C_LANGUAGE_STANDARD = gnu99;
				GCC_VERSION = com.apple.compilers.llvm.clang.1_0;
				GCC_WARN_ABOUT_RETURN_TYPE = YES;
				GCC_WARN_UNINITIALIZED_AUTOS = YES;
				GCC_WARN_UNUSED_VARIABLE = YES;
				IPHONEOS_DEPLOYMENT_TARGET = 4.0;
				OTHER_CFLAGS = "-DNS_BLOCK_ASSERTIONS=1";
				SDKROOT = iphoneos;
				TARGETED_DEVICE_FAMILY = "1,2";
				VALIDATE_PRODUCT = YES;
			};
			name = Release;
		};
		39565338159098FA00513FE3 /* Debug */ = {
			isa = XCBuildConfiguration;
			buildSettings = {
				GCC_PRECOMPILE_PREFIX_HEADER = YES;
				GCC_PREFIX_HEADER = "Quiz/Quiz-Prefix.pch";
				GCC_SYMBOLS_PRIVATE_EXTERN = NO;
				INFOPLIST_FILE = "Quiz/Quiz-Info.plist";
				IPHONEOS_DEPLOYMENT_TARGET = 4.0;
				PRODUCT_NAME = "$(TARGET_NAME)";
				WRAPPER_EXTENSION = app;
			};
			name = Debug;
		};
		39565339159098FA00513FE3 /* Release */ = {
			isa = XCBuildConfiguration;
			buildSettings = {
				GCC_PRECOMPILE_PREFIX_HEADER = YES;
				GCC_PREFIX_HEADER = "Quiz/Quiz-Prefix.pch";
				GCC_SYMBOLS_PRIVATE_EXTERN = NO;
				INFOPLIST_FILE = "Quiz/Quiz-Info.plist";
				IPHONEOS_DEPLOYMENT_TARGET = 4.0;
				PRODUCT_NAME = "$(TARGET_NAME)";
				WRAPPER_EXTENSION = app;
			};
			name = Release;
		};
		396FD9E115C80BF8005E03BD /* Debug */ = {
			isa = XCBuildConfiguration;
			buildSettings = {
				BUNDLE_LOADER = "$(BUILT_PRODUCTS_DIR)/Quiz.app/Quiz";
				FRAMEWORK_SEARCH_PATHS = (
					"$(SDKROOT)/Developer/Library/Frameworks",
					"$(DEVELOPER_LIBRARY_DIR)/Frameworks",
				);
				GCC_PRECOMPILE_PREFIX_HEADER = YES;
				GCC_PREFIX_HEADER = "UnitTests/UnitTests-Prefix.pch";
				HEADER_SEARCH_PATHS = "$(SRCROOT)/include";
				INFOPLIST_FILE = "UnitTests/UnitTests-Info.plist";
				IPHONEOS_DEPLOYMENT_TARGET = 5.1;
				LIBRARY_SEARCH_PATHS = (
					"$(inherited)",
					"\"$(SRCROOT)/UnitTests\"",
					"\"$(SRCROOT)/include/lib\"",
				);
				OTHER_LDFLAGS = (
					"-force_load",
					"\"$(SRCROOT)/include/lib/libOCMock.a\"",
					"-ObjC",
				);
				PRODUCT_NAME = "$(TARGET_NAME)";
				TEST_HOST = "$(BUNDLE_LOADER)";
				USER_HEADER_SEARCH_PATHS = "";
				WRAPPER_EXTENSION = octest;
			};
			name = Debug;
		};
		396FD9E215C80BF8005E03BD /* Release */ = {
			isa = XCBuildConfiguration;
			buildSettings = {
				BUNDLE_LOADER = "$(BUILT_PRODUCTS_DIR)/Quiz.app/Quiz";
				FRAMEWORK_SEARCH_PATHS = (
					"$(SDKROOT)/Developer/Library/Frameworks",
					"$(DEVELOPER_LIBRARY_DIR)/Frameworks",
				);
				GCC_PRECOMPILE_PREFIX_HEADER = YES;
				GCC_PREFIX_HEADER = "UnitTests/UnitTests-Prefix.pch";
				HEADER_SEARCH_PATHS = "$(SRCROOT)/include";
				INFOPLIST_FILE = "UnitTests/UnitTests-Info.plist";
				IPHONEOS_DEPLOYMENT_TARGET = 5.1;
				LIBRARY_SEARCH_PATHS = (
					"$(inherited)",
					"\"$(SRCROOT)/UnitTests\"",
					"\"$(SRCROOT)/include/lib\"",
				);
				OTHER_LDFLAGS = (
					"-force_load",
					"\"$(SRCROOT)/include/lib/libOCMock.a\"",
					"-ObjC",
				);
				PRODUCT_NAME = "$(TARGET_NAME)";
				TEST_HOST = "$(BUNDLE_LOADER)";
				USER_HEADER_SEARCH_PATHS = "";
				WRAPPER_EXTENSION = octest;
			};
			name = Release;
		};
/* End XCBuildConfiguration section */

/* Begin XCConfigurationList section */
		39565310159098FA00513FE3 /* Build configuration list for PBXProject "Quiz" */ = {
			isa = XCConfigurationList;
			buildConfigurations = (
				39565335159098FA00513FE3 /* Debug */,
				39565336159098FA00513FE3 /* Release */,
			);
			defaultConfigurationIsVisible = 0;
			defaultConfigurationName = Release;
		};
		39565337159098FA00513FE3 /* Build configuration list for PBXNativeTarget "Quiz" */ = {
			isa = XCConfigurationList;
			buildConfigurations = (
				39565338159098FA00513FE3 /* Debug */,
				39565339159098FA00513FE3 /* Release */,
			);
			defaultConfigurationIsVisible = 0;
			defaultConfigurationName = Release;
		};
		396FD9E315C80BF8005E03BD /* Build configuration list for PBXNativeTarget "UnitTests" */ = {
			isa = XCConfigurationList;
			buildConfigurations = (
				396FD9E115C80BF8005E03BD /* Debug */,
				396FD9E215C80BF8005E03BD /* Release */,
			);
			defaultConfigurationIsVisible = 0;
		};
/* End XCConfigurationList section */
	};
	rootObject = 3956530D159098FA00513FE3 /* Project object */;
}
